
Microsoft Visual Studio Solution File, Format Version 12.00
# Visual Studio 15
VisualStudioVersion = 15.0.26403.7
MinimumVisualStudioVersion = 10.0.40219.1
Project("{2150E333-8FDC-42A3-9474-1A3956D46DE8}") = "_Solution Items", "_Solution Items", "{CB81B812-6639-4CA4-A949-1C952858B263}"
	ProjectSection(SolutionItems) = preProject
		nuget.config = nuget.config
		..\README.md = ..\README.md
	EndProjectSection
EndProject
Project("{2150E333-8FDC-42A3-9474-1A3956D46DE8}") = "Plugins", "Plugins", "{0B76231E-AA47-46DF-A894-ACBE698F2ECE}"
EndProject
Project("{2150E333-8FDC-42A3-9474-1A3956D46DE8}") = "Tools", "Tools", "{7F0D98A2-01BE-4F0E-AAF3-AC4823ECB0B6}"
EndProject
Project("{FAE04EC0-301F-11D3-BF4B-00C04F79EFBC}") = "AlephNote.App", "AlephNote.App\AlephNote.App.csproj", "{9E913271-F271-4DC6-BF19-79B43C91EE23}"
EndProject
Project("{FAE04EC0-301F-11D3-BF4B-00C04F79EFBC}") = "SimpleNotePlugin", "Plugins\SimpleNotePlugin\SimpleNotePlugin.csproj", "{AA8A52AA-2A00-46DC-9649-BDB801A48380}"
EndProject
Project("{FAE04EC0-301F-11D3-BF4B-00C04F79EFBC}") = "StandardNotePlugin", "Plugins\StandardNotePlugin\StandardNotePlugin.csproj", "{D4F7E915-D101-4500-A01D-B9C366575662}"
EndProject
Project("{FAE04EC0-301F-11D3-BF4B-00C04F79EFBC}") = "HeadlessPlugin", "Plugins\HeadlessPlugin\HeadlessPlugin.csproj", "{7F674975-7A10-458E-BDF9-82AEC27CAFAA}"
EndProject
Project("{FAE04EC0-301F-11D3-BF4B-00C04F79EFBC}") = "FilesystemPlugin", "Plugins\FilesystemPlugin\FilesystemPlugin.csproj", "{26B8AA9B-CDD9-4B3A-8D0F-6649393070C5}"
EndProject
Project("{FAE04EC0-301F-11D3-BF4B-00C04F79EFBC}") = "NextcloudPlugin", "Plugins\NextcloudPlugin\NextcloudPlugin.csproj", "{FC14805A-04E4-4205-B360-BF9548714B49}"
EndProject
Project("{FAE04EC0-301F-11D3-BF4B-00C04F79EFBC}") = "AutoUpdater", "Tools\AutoUpdater\AutoUpdater.csproj", "{87C4DBB7-6B02-485F-993F-568E1F624760}"
EndProject
Project("{FAE04EC0-301F-11D3-BF4B-00C04F79EFBC}") = "EvernotePlugin", "Plugins\EvernotePlugin\EvernotePlugin.csproj", "{2CACC90B-1A12-4B88-8D91-8CFAE1A52377}"
EndProject
Project("{9A19103F-16F7-4668-BE54-9A1E7A4F7556}") = "AlephNote.Common", "AlephNote.Common\AlephNote.Common.csproj", "{1177D8F5-9496-4262-B41F-B31197D851AE}"
EndProject
Project("{9A19103F-16F7-4668-BE54-9A1E7A4F7556}") = "AlephNote.PluginInterface", "AlephNote.PluginInterface\AlephNote.PluginInterface.csproj", "{A43F999D-30FB-44F0-9CEF-9E24A100651C}"
EndProject
Global
	GlobalSection(SolutionConfigurationPlatforms) = preSolution
		Debug|Any CPU = Debug|Any CPU
		Release|Any CPU = Release|Any CPU
	EndGlobalSection
	GlobalSection(ProjectConfigurationPlatforms) = postSolution
		{9E913271-F271-4DC6-BF19-79B43C91EE23}.Debug|Any CPU.ActiveCfg = Debug|Any CPU
		{9E913271-F271-4DC6-BF19-79B43C91EE23}.Debug|Any CPU.Build.0 = Debug|Any CPU
		{9E913271-F271-4DC6-BF19-79B43C91EE23}.Release|Any CPU.ActiveCfg = Release|Any CPU
		{9E913271-F271-4DC6-BF19-79B43C91EE23}.Release|Any CPU.Build.0 = Release|Any CPU
		{AA8A52AA-2A00-46DC-9649-BDB801A48380}.Debug|Any CPU.ActiveCfg = Debug|Any CPU
		{AA8A52AA-2A00-46DC-9649-BDB801A48380}.Debug|Any CPU.Build.0 = Debug|Any CPU
		{AA8A52AA-2A00-46DC-9649-BDB801A48380}.Release|Any CPU.ActiveCfg = Release|Any CPU
		{AA8A52AA-2A00-46DC-9649-BDB801A48380}.Release|Any CPU.Build.0 = Release|Any CPU
		{D4F7E915-D101-4500-A01D-B9C366575662}.Debug|Any CPU.ActiveCfg = Debug|Any CPU
		{D4F7E915-D101-4500-A01D-B9C366575662}.Debug|Any CPU.Build.0 = Debug|Any CPU
		{D4F7E915-D101-4500-A01D-B9C366575662}.Release|Any CPU.ActiveCfg = Release|Any CPU
		{D4F7E915-D101-4500-A01D-B9C366575662}.Release|Any CPU.Build.0 = Release|Any CPU
		{7F674975-7A10-458E-BDF9-82AEC27CAFAA}.Debug|Any CPU.ActiveCfg = Debug|Any CPU
		{7F674975-7A10-458E-BDF9-82AEC27CAFAA}.Debug|Any CPU.Build.0 = Debug|Any CPU
		{7F674975-7A10-458E-BDF9-82AEC27CAFAA}.Release|Any CPU.ActiveCfg = Release|Any CPU
		{7F674975-7A10-458E-BDF9-82AEC27CAFAA}.Release|Any CPU.Build.0 = Release|Any CPU
		{26B8AA9B-CDD9-4B3A-8D0F-6649393070C5}.Debug|Any CPU.ActiveCfg = Debug|Any CPU
		{26B8AA9B-CDD9-4B3A-8D0F-6649393070C5}.Debug|Any CPU.Build.0 = Debug|Any CPU
		{26B8AA9B-CDD9-4B3A-8D0F-6649393070C5}.Release|Any CPU.ActiveCfg = Release|Any CPU
		{26B8AA9B-CDD9-4B3A-8D0F-6649393070C5}.Release|Any CPU.Build.0 = Release|Any CPU
		{FC14805A-04E4-4205-B360-BF9548714B49}.Debug|Any CPU.ActiveCfg = Debug|Any CPU
		{FC14805A-04E4-4205-B360-BF9548714B49}.Debug|Any CPU.Build.0 = Debug|Any CPU
		{FC14805A-04E4-4205-B360-BF9548714B49}.Release|Any CPU.ActiveCfg = Release|Any CPU
		{FC14805A-04E4-4205-B360-BF9548714B49}.Release|Any CPU.Build.0 = Release|Any CPU
		{87C4DBB7-6B02-485F-993F-568E1F624760}.Debug|Any CPU.ActiveCfg = Debug|Any CPU
		{87C4DBB7-6B02-485F-993F-568E1F624760}.Debug|Any CPU.Build.0 = Debug|Any CPU
		{87C4DBB7-6B02-485F-993F-568E1F624760}.Release|Any CPU.ActiveCfg = Release|Any CPU
		{87C4DBB7-6B02-485F-993F-568E1F624760}.Release|Any CPU.Build.0 = Release|Any CPU
		{2CACC90B-1A12-4B88-8D91-8CFAE1A52377}.Debug|Any CPU.ActiveCfg = Debug|Any CPU
		{2CACC90B-1A12-4B88-8D91-8CFAE1A52377}.Debug|Any CPU.Build.0 = Debug|Any CPU
		{2CACC90B-1A12-4B88-8D91-8CFAE1A52377}.Release|Any CPU.ActiveCfg = Release|Any CPU
		{2CACC90B-1A12-4B88-8D91-8CFAE1A52377}.Release|Any CPU.Build.0 = Release|Any CPU
		{1177D8F5-9496-4262-B41F-B31197D851AE}.Debug|Any CPU.ActiveCfg = Debug|Any CPU
		{1177D8F5-9496-4262-B41F-B31197D851AE}.Debug|Any CPU.Build.0 = Debug|Any CPU
		{1177D8F5-9496-4262-B41F-B31197D851AE}.Release|Any CPU.ActiveCfg = Release|Any CPU
		{1177D8F5-9496-4262-B41F-B31197D851AE}.Release|Any CPU.Build.0 = Release|Any CPU
		{A43F999D-30FB-44F0-9CEF-9E24A100651C}.Debug|Any CPU.ActiveCfg = Debug|Any CPU
		{A43F999D-30FB-44F0-9CEF-9E24A100651C}.Debug|Any CPU.Build.0 = Debug|Any CPU
		{A43F999D-30FB-44F0-9CEF-9E24A100651C}.Release|Any CPU.ActiveCfg = Release|Any CPU
		{A43F999D-30FB-44F0-9CEF-9E24A100651C}.Release|Any CPU.Build.0 = Release|Any CPU
	EndGlobalSection
	GlobalSection(SolutionProperties) = preSolution
		HideSolutionNode = FALSE
	EndGlobalSection
	GlobalSection(NestedProjects) = preSolution
		{AA8A52AA-2A00-46DC-9649-BDB801A48380} = {0B76231E-AA47-46DF-A894-ACBE698F2ECE}
		{D4F7E915-D101-4500-A01D-B9C366575662} = {0B76231E-AA47-46DF-A894-ACBE698F2ECE}
		{7F674975-7A10-458E-BDF9-82AEC27CAFAA} = {0B76231E-AA47-46DF-A894-ACBE698F2ECE}
		{26B8AA9B-CDD9-4B3A-8D0F-6649393070C5} = {0B76231E-AA47-46DF-A894-ACBE698F2ECE}
		{FC14805A-04E4-4205-B360-BF9548714B49} = {0B76231E-AA47-46DF-A894-ACBE698F2ECE}
		{87C4DBB7-6B02-485F-993F-568E1F624760} = {7F0D98A2-01BE-4F0E-AAF3-AC4823ECB0B6}
		{2CACC90B-1A12-4B88-8D91-8CFAE1A52377} = {0B76231E-AA47-46DF-A894-ACBE698F2ECE}
	EndGlobalSection
EndGlobal
