
Microsoft Visual Studio Solution File, Format Version 12.00
# Visual Studio Version 16
VisualStudioVersion = 16.0.30503.244
MinimumVisualStudioVersion = 10.0.40219.1
Project("{2150E333-8FDC-42A3-9474-1A3956D46DE8}") = "_Solution Items", "_Solution Items", "{CB81B812-6639-4CA4-A949-1C952858B263}"
	ProjectSection(SolutionItems) = preProject
		nuget.config = nuget.config
		..\README.md = ..\README.md
	EndProjectSection
EndProject
Project("{2150E333-8FDC-42A3-9474-1A3956D46DE8}") = "Plugins", "Plugins", "{0B76231E-AA47-46DF-A894-ACBE698F2ECE}"
EndProject
Project("{2150E333-8FDC-42A3-9474-1A3956D46DE8}") = "Tools", "Tools", "{7F0D98A2-01BE-4F0E-AAF3-AC4823ECB0B6}"
EndProject
Project("{FAE04EC0-301F-11D3-BF4B-00C04F79EFBC}") = "AutoUpdater", "Tools\AutoUpdater\AutoUpdater.csproj", "{87C4DBB7-6B02-485F-993F-568E1F624760}"
EndProject
Project("{9A19103F-16F7-4668-BE54-9A1E7A4F7556}") = "AlephNote.Common", "AlephNote.Common\AlephNote.Common.csproj", "{1177D8F5-9496-4262-B41F-B31197D851AE}"
EndProject
Project("{9A19103F-16F7-4668-BE54-9A1E7A4F7556}") = "AlephNote.PluginInterface", "AlephNote.PluginInterface\AlephNote.PluginInterface.csproj", "{A43F999D-30FB-44F0-9CEF-9E24A100651C}"
EndProject
Project("{9A19103F-16F7-4668-BE54-9A1E7A4F7556}") = "FilesystemPlugin", "Plugins\FilesystemPlugin\FilesystemPlugin.csproj", "{244D715F-E160-49C5-8A83-F727A2FF4429}"
EndProject
Project("{9A19103F-16F7-4668-BE54-9A1E7A4F7556}") = "HeadlessPlugin", "Plugins\HeadlessPlugin\HeadlessPlugin.csproj", "{66442C8B-1151-4726-A62C-F206F39A99A5}"
EndProject
Project("{9A19103F-16F7-4668-BE54-9A1E7A4F7556}") = "NextcloudPlugin", "Plugins\NextcloudPlugin\NextcloudPlugin.csproj", "{A9696B27-551E-462D-B2B0-069391414474}"
EndProject
Project("{9A19103F-16F7-4668-BE54-9A1E7A4F7556}") = "SimpleNotePlugin", "Plugins\SimpleNotePlugin\SimpleNotePlugin.csproj", "{C32C0E4F-5552-49EB-93B3-BCBA8F4C8515}"
EndProject
Project("{9A19103F-16F7-4668-BE54-9A1E7A4F7556}") = "StandardNotePlugin", "Plugins\StandardNotePlugin\StandardNotePlugin.csproj", "{F1BC6C1B-E5CD-4995-B4F1-F1E31BBE8211}"
EndProject
Project("{9A19103F-16F7-4668-BE54-9A1E7A4F7556}") = "EvernotePlugin", "Plugins\EvernotePlugin\EvernotePlugin.csproj", "{B1C3FBFF-533B-4189-9FC0-F63859A8DF90}"
EndProject
Project("{9A19103F-16F7-4668-BE54-9A1E7A4F7556}") = "AlephNote.App", "AlephNote.App\AlephNote.App.csproj", "{C6A3DA36-849B-4048-9F40-5F3F7A9D2026}"
	ProjectSection(ProjectDependencies) = postProject
		{F1BC6C1B-E5CD-4995-B4F1-F1E31BBE8211} = {F1BC6C1B-E5CD-4995-B4F1-F1E31BBE8211}
		{A9696B27-551E-462D-B2B0-069391414474} = {A9696B27-551E-462D-B2B0-069391414474}
		{C32C0E4F-5552-49EB-93B3-BCBA8F4C8515} = {C32C0E4F-5552-49EB-93B3-BCBA8F4C8515}
		{244D715F-E160-49C5-8A83-F727A2FF4429} = {244D715F-E160-49C5-8A83-F727A2FF4429}
		{66442C8B-1151-4726-A62C-F206F39A99A5} = {66442C8B-1151-4726-A62C-F206F39A99A5}
		{B1C3FBFF-533B-4189-9FC0-F63859A8DF90} = {B1C3FBFF-533B-4189-9FC0-F63859A8DF90}
	EndProjectSection
EndProject
Project("{FAE04EC0-301F-11D3-BF4B-00C04F79EFBC}") = "AlephNote.Eto", "AlephNote.Eto\AlephNote.Eto.csproj", "{B45A313A-E966-4717-9FD4-D932A7D1FD1E}"
EndProject
Project("{2150E333-8FDC-42A3-9474-1A3956D46DE8}") = "External", "External", "{379E5A1E-B36A-4FB5-834E-34CA8E94C16D}"
EndProject
Project("{9A19103F-16F7-4668-BE54-9A1E7A4F7556}") = "LanguageUtils", "External\CSharpUtils\LanguageUtils\LanguageUtils.csproj", "{C640CAD3-ECB6-4C4E-9609-E8260EC2B94D}"
EndProject
Project("{9A19103F-16F7-4668-BE54-9A1E7A4F7556}") = "WPFUtils", "External\CSharpUtils\WPFUtils\WPFUtils.csproj", "{74924BF3-919A-4B16-B2E1-A4938EC27B5B}"
EndProject
Global
	GlobalSection(SolutionConfigurationPlatforms) = preSolution
		Debug|Any CPU = Debug|Any CPU
		Release|Any CPU = Release|Any CPU
	EndGlobalSection
	GlobalSection(ProjectConfigurationPlatforms) = postSolution
		{87C4DBB7-6B02-485F-993F-568E1F624760}.Debug|Any CPU.ActiveCfg = Debug|Any CPU
		{87C4DBB7-6B02-485F-993F-568E1F624760}.Debug|Any CPU.Build.0 = Debug|Any CPU
		{87C4DBB7-6B02-485F-993F-568E1F624760}.Release|Any CPU.ActiveCfg = Release|Any CPU
		{87C4DBB7-6B02-485F-993F-568E1F624760}.Release|Any CPU.Build.0 = Release|Any CPU
		{1177D8F5-9496-4262-B41F-B31197D851AE}.Debug|Any CPU.ActiveCfg = Debug|Any CPU
		{1177D8F5-9496-4262-B41F-B31197D851AE}.Debug|Any CPU.Build.0 = Debug|Any CPU
		{1177D8F5-9496-4262-B41F-B31197D851AE}.Release|Any CPU.ActiveCfg = Release|Any CPU
		{1177D8F5-9496-4262-B41F-B31197D851AE}.Release|Any CPU.Build.0 = Release|Any CPU
		{A43F999D-30FB-44F0-9CEF-9E24A100651C}.Debug|Any CPU.ActiveCfg = Debug|Any CPU
		{A43F999D-30FB-44F0-9CEF-9E24A100651C}.Debug|Any CPU.Build.0 = Debug|Any CPU
		{A43F999D-30FB-44F0-9CEF-9E24A100651C}.Release|Any CPU.ActiveCfg = Release|Any CPU
		{A43F999D-30FB-44F0-9CEF-9E24A100651C}.Release|Any CPU.Build.0 = Release|Any CPU
		{244D715F-E160-49C5-8A83-F727A2FF4429}.Debug|Any CPU.ActiveCfg = Debug|Any CPU
		{244D715F-E160-49C5-8A83-F727A2FF4429}.Debug|Any CPU.Build.0 = Debug|Any CPU
		{244D715F-E160-49C5-8A83-F727A2FF4429}.Release|Any CPU.ActiveCfg = Release|Any CPU
		{244D715F-E160-49C5-8A83-F727A2FF4429}.Release|Any CPU.Build.0 = Release|Any CPU
		{66442C8B-1151-4726-A62C-F206F39A99A5}.Debug|Any CPU.ActiveCfg = Debug|Any CPU
		{66442C8B-1151-4726-A62C-F206F39A99A5}.Debug|Any CPU.Build.0 = Debug|Any CPU
		{66442C8B-1151-4726-A62C-F206F39A99A5}.Release|Any CPU.ActiveCfg = Release|Any CPU
		{66442C8B-1151-4726-A62C-F206F39A99A5}.Release|Any CPU.Build.0 = Release|Any CPU
		{A9696B27-551E-462D-B2B0-069391414474}.Debug|Any CPU.ActiveCfg = Debug|Any CPU
		{A9696B27-551E-462D-B2B0-069391414474}.Debug|Any CPU.Build.0 = Debug|Any CPU
		{A9696B27-551E-462D-B2B0-069391414474}.Release|Any CPU.ActiveCfg = Release|Any CPU
		{A9696B27-551E-462D-B2B0-069391414474}.Release|Any CPU.Build.0 = Release|Any CPU
		{C32C0E4F-5552-49EB-93B3-BCBA8F4C8515}.Debug|Any CPU.ActiveCfg = Debug|Any CPU
		{C32C0E4F-5552-49EB-93B3-BCBA8F4C8515}.Debug|Any CPU.Build.0 = Debug|Any CPU
		{C32C0E4F-5552-49EB-93B3-BCBA8F4C8515}.Release|Any CPU.ActiveCfg = Release|Any CPU
		{C32C0E4F-5552-49EB-93B3-BCBA8F4C8515}.Release|Any CPU.Build.0 = Release|Any CPU
		{F1BC6C1B-E5CD-4995-B4F1-F1E31BBE8211}.Debug|Any CPU.ActiveCfg = Debug|Any CPU
		{F1BC6C1B-E5CD-4995-B4F1-F1E31BBE8211}.Debug|Any CPU.Build.0 = Debug|Any CPU
		{F1BC6C1B-E5CD-4995-B4F1-F1E31BBE8211}.Release|Any CPU.ActiveCfg = Release|Any CPU
		{F1BC6C1B-E5CD-4995-B4F1-F1E31BBE8211}.Release|Any CPU.Build.0 = Release|Any CPU
		{B1C3FBFF-533B-4189-9FC0-F63859A8DF90}.Debug|Any CPU.ActiveCfg = Debug|Any CPU
		{B1C3FBFF-533B-4189-9FC0-F63859A8DF90}.Debug|Any CPU.Build.0 = Debug|Any CPU
		{B1C3FBFF-533B-4189-9FC0-F63859A8DF90}.Release|Any CPU.ActiveCfg = Release|Any CPU
		{B1C3FBFF-533B-4189-9FC0-F63859A8DF90}.Release|Any CPU.Build.0 = Release|Any CPU
		{C6A3DA36-849B-4048-9F40-5F3F7A9D2026}.Debug|Any CPU.ActiveCfg = Debug|Any CPU
		{C6A3DA36-849B-4048-9F40-5F3F7A9D2026}.Debug|Any CPU.Build.0 = Debug|Any CPU
		{C6A3DA36-849B-4048-9F40-5F3F7A9D2026}.Release|Any CPU.ActiveCfg = Release|Any CPU
		{C6A3DA36-849B-4048-9F40-5F3F7A9D2026}.Release|Any CPU.Build.0 = Release|Any CPU
		{B45A313A-E966-4717-9FD4-D932A7D1FD1E}.Debug|Any CPU.ActiveCfg = Debug|Any CPU
		{B45A313A-E966-4717-9FD4-D932A7D1FD1E}.Debug|Any CPU.Build.0 = Debug|Any CPU
		{B45A313A-E966-4717-9FD4-D932A7D1FD1E}.Release|Any CPU.ActiveCfg = Release|Any CPU
		{B45A313A-E966-4717-9FD4-D932A7D1FD1E}.Release|Any CPU.Build.0 = Release|Any CPU
		{C640CAD3-ECB6-4C4E-9609-E8260EC2B94D}.Debug|Any CPU.ActiveCfg = Debug|Any CPU
		{C640CAD3-ECB6-4C4E-9609-E8260EC2B94D}.Debug|Any CPU.Build.0 = Debug|Any CPU
		{C640CAD3-ECB6-4C4E-9609-E8260EC2B94D}.Release|Any CPU.ActiveCfg = Release|Any CPU
		{C640CAD3-ECB6-4C4E-9609-E8260EC2B94D}.Release|Any CPU.Build.0 = Release|Any CPU
		{74924BF3-919A-4B16-B2E1-A4938EC27B5B}.Debug|Any CPU.ActiveCfg = Debug|Any CPU
		{74924BF3-919A-4B16-B2E1-A4938EC27B5B}.Debug|Any CPU.Build.0 = Debug|Any CPU
		{74924BF3-919A-4B16-B2E1-A4938EC27B5B}.Release|Any CPU.ActiveCfg = Release|Any CPU
		{74924BF3-919A-4B16-B2E1-A4938EC27B5B}.Release|Any CPU.Build.0 = Release|Any CPU
	EndGlobalSection
	GlobalSection(SolutionProperties) = preSolution
		HideSolutionNode = FALSE
	EndGlobalSection
	GlobalSection(NestedProjects) = preSolution
		{87C4DBB7-6B02-485F-993F-568E1F624760} = {7F0D98A2-01BE-4F0E-AAF3-AC4823ECB0B6}
		{244D715F-E160-49C5-8A83-F727A2FF4429} = {0B76231E-AA47-46DF-A894-ACBE698F2ECE}
		{66442C8B-1151-4726-A62C-F206F39A99A5} = {0B76231E-AA47-46DF-A894-ACBE698F2ECE}
		{A9696B27-551E-462D-B2B0-069391414474} = {0B76231E-AA47-46DF-A894-ACBE698F2ECE}
		{C32C0E4F-5552-49EB-93B3-BCBA8F4C8515} = {0B76231E-AA47-46DF-A894-ACBE698F2ECE}
		{F1BC6C1B-E5CD-4995-B4F1-F1E31BBE8211} = {0B76231E-AA47-46DF-A894-ACBE698F2ECE}
		{B1C3FBFF-533B-4189-9FC0-F63859A8DF90} = {0B76231E-AA47-46DF-A894-ACBE698F2ECE}
		{C640CAD3-ECB6-4C4E-9609-E8260EC2B94D} = {379E5A1E-B36A-4FB5-834E-34CA8E94C16D}
		{74924BF3-919A-4B16-B2E1-A4938EC27B5B} = {379E5A1E-B36A-4FB5-834E-34CA8E94C16D}
	EndGlobalSection
	GlobalSection(ExtensibilityGlobals) = postSolution
		SolutionGuid = {0FE378A1-7351-4E0F-AD83-0FE44BF03489}
	EndGlobalSection
EndGlobal
